
Microsoft Visual Studio Solution File, Format Version 11.00
# Visual Studio 2010
Project("{FAE04EC0-301F-11D3-BF4B-00C04F79EFBC}") = "the exit_by_KTH", "Assembly-CSharp-firstpass.csproj", "{6B3E2C8E-1C0C-29C0-FD44-F183F5EBC245}"
EndProject
Project("{FAE04EC0-301F-11D3-BF4B-00C04F79EFBC}") = "the exit_by_KTH", "Assembly-CSharp.csproj", "{8154DDAD-FBBF-FD1A-5A67-F62FFAEA69E7}"
EndProject
Project("{FAE04EC0-301F-11D3-BF4B-00C04F79EFBC}") = "the exit_by_KTH", "Assembly-CSharp-Editor.csproj", "{66EDB56B-262F-1F74-0A7C-A125E23F89D9}"
EndProject
Global
	GlobalSection(SolutionConfigurationPlatforms) = preSolution
		Debug|Any CPU = Debug|Any CPU
		Release|Any CPU = Release|Any CPU
	EndGlobalSection
	GlobalSection(ProjectConfigurationPlatforms) = postSolution
		{6B3E2C8E-1C0C-29C0-FD44-F183F5EBC245}.Debug|Any CPU.ActiveCfg = Debug|Any CPU
		{6B3E2C8E-1C0C-29C0-FD44-F183F5EBC245}.Debug|Any CPU.Build.0 = Debug|Any CPU
		{6B3E2C8E-1C0C-29C0-FD44-F183F5EBC245}.Release|Any CPU.ActiveCfg = Release|Any CPU
		{6B3E2C8E-1C0C-29C0-FD44-F183F5EBC245}.Release|Any CPU.Build.0 = Release|Any CPU
		{8154DDAD-FBBF-FD1A-5A67-F62FFAEA69E7}.Debug|Any CPU.ActiveCfg = Debug|Any CPU
		{8154DDAD-FBBF-FD1A-5A67-F62FFAEA69E7}.Debug|Any CPU.Build.0 = Debug|Any CPU
		{8154DDAD-FBBF-FD1A-5A67-F62FFAEA69E7}.Release|Any CPU.ActiveCfg = Release|Any CPU
		{8154DDAD-FBBF-FD1A-5A67-F62FFAEA69E7}.Release|Any CPU.Build.0 = Release|Any CPU
		{66EDB56B-262F-1F74-0A7C-A125E23F89D9}.Debug|Any CPU.ActiveCfg = Debug|Any CPU
		{66EDB56B-262F-1F74-0A7C-A125E23F89D9}.Debug|Any CPU.Build.0 = Debug|Any CPU
		{66EDB56B-262F-1F74-0A7C-A125E23F89D9}.Release|Any CPU.ActiveCfg = Release|Any CPU
		{66EDB56B-262F-1F74-0A7C-A125E23F89D9}.Release|Any CPU.Build.0 = Release|Any CPU
	EndGlobalSection
	GlobalSection(SolutionProperties) = preSolution
		HideSolutionNode = FALSE
	EndGlobalSection
	GlobalSection(MonoDevelopProperties) = preSolution
		StartupItem = Assembly-CSharp.csproj
	EndGlobalSection
EndGlobal
